// !$*UTF8*$!
{
	archiveVersion = 1;
	classes = {
	};
	objectVersion = 46;
	objects = {

/* Begin PBXBuildFile section */
		7BE13A201D5A820900080DCA /* TipCalc.swift in Sources */ = {isa = PBXBuildFile; fileRef = 7BE13A1F1D5A820900080DCA /* TipCalc.swift */; };
		7BEAB9061D59404400F85C26 /* AppDelegate.swift in Sources */ = {isa = PBXBuildFile; fileRef = 7BEAB9051D59404400F85C26 /* AppDelegate.swift */; };
		7BEAB9081D59404400F85C26 /* TipsyVC.swift in Sources */ = {isa = PBXBuildFile; fileRef = 7BEAB9071D59404400F85C26 /* TipsyVC.swift */; };
		7BEAB90B1D59404400F85C26 /* Main.storyboard in Resources */ = {isa = PBXBuildFile; fileRef = 7BEAB9091D59404400F85C26 /* Main.storyboard */; };
		7BEAB90D1D59404400F85C26 /* Assets.xcassets in Resources */ = {isa = PBXBuildFile; fileRef = 7BEAB90C1D59404400F85C26 /* Assets.xcassets */; };
		7BEAB9101D59404400F85C26 /* LaunchScreen.storyboard in Resources */ = {isa = PBXBuildFile; fileRef = 7BEAB90E1D59404400F85C26 /* LaunchScreen.storyboard */; };
/* End PBXBuildFile section */

/* Begin PBXFileReference section */
		7BE13A1F1D5A820900080DCA /* TipCalc.swift */ = {isa = PBXFileReference; fileEncoding = 4; lastKnownFileType = sourcecode.swift; path = TipCalc.swift; sourceTree = "<group>"; };
		7BEAB9021D59404400F85C26 /* Tip Calculator.app */ = {isa = PBXFileReference; explicitFileType = wrapper.application; includeInIndex = 0; path = "Tip Calculator.app"; sourceTree = BUILT_PRODUCTS_DIR; };
		7BEAB9051D59404400F85C26 /* AppDelegate.swift */ = {isa = PBXFileReference; lastKnownFileType = sourcecode.swift; path = AppDelegate.swift; sourceTree = "<group>"; };
		7BEAB9071D59404400F85C26 /* TipsyVC.swift */ = {isa = PBXFileReference; lastKnownFileType = sourcecode.swift; path = TipsyVC.swift; sourceTree = "<group>"; };
		7BEAB90A1D59404400F85C26 /* Base */ = {isa = PBXFileReference; lastKnownFileType = file.storyboard; name = Base; path = Base.lproj/Main.storyboard; sourceTree = "<group>"; };
		7BEAB90C1D59404400F85C26 /* Assets.xcassets */ = {isa = PBXFileReference; lastKnownFileType = folder.assetcatalog; path = Assets.xcassets; sourceTree = "<group>"; };
		7BEAB90F1D59404400F85C26 /* Base */ = {isa = PBXFileReference; lastKnownFileType = file.storyboard; name = Base; path = Base.lproj/LaunchScreen.storyboard; sourceTree = "<group>"; };
		7BEAB9111D59404400F85C26 /* Info.plist */ = {isa = PBXFileReference; lastKnownFileType = text.plist.xml; path = Info.plist; sourceTree = "<group>"; };
/* End PBXFileReference section */

/* Begin PBXFrameworksBuildPhase section */
		7BEAB8FF1D59404400F85C26 /* Frameworks */ = {
			isa = PBXFrameworksBuildPhase;
			buildActionMask = 2147483647;
			files = (
			);
			runOnlyForDeploymentPostprocessing = 0;
		};
/* End PBXFrameworksBuildPhase section */

/* Begin PBXGroup section */
		7BE13A1A1D5A81C400080DCA /* Model */ = {
			isa = PBXGroup;
			children = (
				7BE13A1F1D5A820900080DCA /* TipCalc.swift */,
			);
			name = Model;
			sourceTree = "<group>";
		};
		7BE13A1B1D5A81CC00080DCA /* View */ = {
			isa = PBXGroup;
			children = (
			);
			name = View;
			sourceTree = "<group>";
		};
		7BE13A1C1D5A81D200080DCA /* Controller */ = {
			isa = PBXGroup;
			children = (
				7BEAB9071D59404400F85C26 /* TipsyVC.swift */,
			);
			name = Controller;
			sourceTree = "<group>";
		};
		7BEAB8F91D59404400F85C26 = {
			isa = PBXGroup;
			children = (
				7BEAB9041D59404400F85C26 /* Tip Calculator */,
				7BEAB9031D59404400F85C26 /* Products */,
			);
			sourceTree = "<group>";
		};
		7BEAB9031D59404400F85C26 /* Products */ = {
			isa = PBXGroup;
			children = (
				7BEAB9021D59404400F85C26 /* Tip Calculator.app */,
			);
			name = Products;
			sourceTree = "<group>";
		};
		7BEAB9041D59404400F85C26 /* Tip Calculator */ = {
			isa = PBXGroup;
			children = (
				7BE13A1A1D5A81C400080DCA /* Model */,
				7BE13A1B1D5A81CC00080DCA /* View */,
				7BE13A1C1D5A81D200080DCA /* Controller */,
				7BEAB9051D59404400F85C26 /* AppDelegate.swift */,
				7BEAB9091D59404400F85C26 /* Main.storyboard */,
				7BEAB90C1D59404400F85C26 /* Assets.xcassets */,
				7BEAB90E1D59404400F85C26 /* LaunchScreen.storyboard */,
				7BEAB9111D59404400F85C26 /* Info.plist */,
			);
			path = "Tip Calculator";
			sourceTree = "<group>";
		};
/* End PBXGroup section */

/* Begin PBXNativeTarget section */
		7BEAB9011D59404400F85C26 /* Tip Calculator */ = {
			isa = PBXNativeTarget;
			buildConfigurationList = 7BEAB9141D59404400F85C26 /* Build configuration list for PBXNativeTarget "Tip Calculator" */;
			buildPhases = (
				7BEAB8FE1D59404400F85C26 /* Sources */,
				7BEAB8FF1D59404400F85C26 /* Frameworks */,
				7BEAB9001D59404400F85C26 /* Resources */,
			);
			buildRules = (
			);
			dependencies = (
			);
			name = "Tip Calculator";
			productName = "Tip Calculator";
			productReference = 7BEAB9021D59404400F85C26 /* Tip Calculator.app */;
			productType = "com.apple.product-type.application";
		};
/* End PBXNativeTarget section */

/* Begin PBXProject section */
		7BEAB8FA1D59404400F85C26 /* Project object */ = {
			isa = PBXProject;
			attributes = {
				LastSwiftUpdateCheck = 0800;
				LastUpgradeCheck = 0800;
				ORGANIZATIONNAME = Yato;
				TargetAttributes = {
					7BEAB9011D59404400F85C26 = {
						CreatedOnToolsVersion = 8.0;
						DevelopmentTeam = TP9E7CXU62;
						ProvisioningStyle = Automatic;
					};
				};
			};
			buildConfigurationList = 7BEAB8FD1D59404400F85C26 /* Build configuration list for PBXProject "Tip Calculator" */;
			compatibilityVersion = "Xcode 3.2";
			developmentRegion = English;
			hasScannedForEncodings = 0;
			knownRegions = (
				en,
				Base,
			);
			mainGroup = 7BEAB8F91D59404400F85C26;
			productRefGroup = 7BEAB9031D59404400F85C26 /* Products */;
			projectDirPath = "";
			projectRoot = "";
			targets = (
				7BEAB9011D59404400F85C26 /* Tip Calculator */,
			);
		};
/* End PBXProject section */

/* Begin PBXResourcesBuildPhase section */
		7BEAB9001D59404400F85C26 /* Resources */ = {
			isa = PBXResourcesBuildPhase;
			buildActionMask = 2147483647;
			files = (
				7BEAB9101D59404400F85C26 /* LaunchScreen.storyboard in Resources */,
				7BEAB90D1D59404400F85C26 /* Assets.xcassets in Resources */,
				7BEAB90B1D59404400F85C26 /* Main.storyboard in Resources */,
			);
			runOnlyForDeploymentPostprocessing = 0;
		};
/* End PBXResourcesBuildPhase section */

/* Begin PBXSourcesBuildPhase section */
		7BEAB8FE1D59404400F85C26 /* Sources */ = {
			isa = PBXSourcesBuildPhase;
			buildActionMask = 2147483647;
			files = (
				7BEAB9081D59404400F85C26 /* TipsyVC.swift in Sources */,
				7BE13A201D5A820900080DCA /* TipCalc.swift in Sources */,
				7BEAB9061D59404400F85C26 /* AppDelegate.swift in Sources */,
			);
			runOnlyForDeploymentPostprocessing = 0;
		};
/* End PBXSourcesBuildPhase section */

/* Begin PBXVariantGroup section */
		7BEAB9091D59404400F85C26 /* Main.storyboard */ = {
			isa = PBXVariantGroup;
			children = (
				7BEAB90A1D59404400F85C26 /* Base */,
			);
			name = Main.storyboard;
			sourceTree = "<group>";
		};
		7BEAB90E1D59404400F85C26 /* LaunchScreen.storyboard */ = {
			isa = PBXVariantGroup;
			children = (
				7BEAB90F1D59404400F85C26 /* Base */,
			);
			name = LaunchScreen.storyboard;
			sourceTree = "<group>";
		};
/* End PBXVariantGroup section */

/* Begin XCBuildConfiguration section */
		7BEAB9121D59404400F85C26 /* Debug */ = {
			isa = XCBuildConfiguration;
			buildSettings = {
				ALWAYS_SEARCH_USER_PATHS = NO;
				CLANG_ANALYZER_NONNULL = YES;
				CLANG_CXX_LANGUAGE_STANDARD = "gnu++0x";
				CLANG_CXX_LIBRARY = "libc++";
				CLANG_ENABLE_MODULES = YES;
				CLANG_ENABLE_OBJC_ARC = YES;
				CLANG_WARN_BOOL_CONVERSION = YES;
				CLANG_WARN_CONSTANT_CONVERSION = YES;
				CLANG_WARN_DIRECT_OBJC_ISA_USAGE = YES_ERROR;
				CLANG_WARN_DOCUMENTATION_COMMENTS = YES;
				CLANG_WARN_EMPTY_BODY = YES;
				CLANG_WARN_ENUM_CONVERSION = YES;
				CLANG_WARN_INFINITE_RECURSION = YES;
				CLANG_WARN_INT_CONVERSION = YES;
				CLANG_WARN_OBJC_ROOT_CLASS = YES_ERROR;
				CLANG_WARN_SUSPICIOUS_MOVES = YES;
				CLANG_WARN_UNREACHABLE_CODE = YES;
				CLANG_WARN__DUPLICATE_METHOD_MATCH = YES;
				"CODE_SIGN_IDENTITY[sdk=iphoneos*]" = "iPhone Developer";
				COPY_PHASE_STRIP = NO;
				DEBUG_INFORMATION_FORMAT = dwarf;
				ENABLE_STRICT_OBJC_MSGSEND = YES;
				ENABLE_TESTABILITY = YES;
				GCC_C_LANGUAGE_STANDARD = gnu99;
				GCC_DYNAMIC_NO_PIC = NO;
				GCC_NO_COMMON_BLOCKS = YES;
				GCC_OPTIMIZATION_LEVEL = 0;
				GCC_PREPROCESSOR_DEFINITIONS = (
					"DEBUG=1",
					"$(inherited)",
				);
				GCC_WARN_64_TO_32_BIT_CONVERSION = YES;
				GCC_WARN_ABOUT_RETURN_TYPE = YES_ERROR;
				GCC_WARN_UNDECLARED_SELECTOR = YES;
				GCC_WARN_UNINITIALIZED_AUTOS = YES_AGGRESSIVE;
				GCC_WARN_UNUSED_FUNCTION = YES;
				GCC_WARN_UNUSED_VARIABLE = YES;
				IPHONEOS_DEPLOYMENT_TARGET = 10.0;
				MTL_ENABLE_DEBUG_INFO = YES;
				ONLY_ACTIVE_ARCH = YES;
				SDKROOT = iphoneos;
				SWIFT_ACTIVE_COMPILATION_CONDITIONS = DEBUG;
				SWIFT_OPTIMIZATION_LEVEL = "-Onone";
				TARGETED_DEVICE_FAMILY = "1,2";
			};
			name = Debug;
		};
		7BEAB9131D59404400F85C26 /* Release */ = {
			isa = XCBuildConfiguration;
			buildSettings = {
				ALWAYS_SEARCH_USER_PATHS = NO;
				CLANG_ANALYZER_NONNULL = YES;
				CLANG_CXX_LANGUAGE_STANDARD = "gnu++0x";
				CLANG_CXX_LIBRARY = "libc++";
				CLANG_ENABLE_MODULES = YES;
				CLANG_ENABLE_OBJC_ARC = YES;
				CLANG_WARN_BOOL_CONVERSION = YES;
				CLANG_WARN_CONSTANT_CONVERSION = YES;
				CLANG_WARN_DIRECT_OBJC_ISA_USAGE = YES_ERROR;
				CLANG_WARN_DOCUMENTATION_COMMENTS = YES;
				CLANG_WARN_EMPTY_BODY = YES;
				CLANG_WARN_ENUM_CONVERSION = YES;
				CLANG_WARN_INFINITE_RECURSION = YES;
				CLANG_WARN_INT_CONVERSION = YES;
				CLANG_WARN_OBJC_ROOT_CLASS = YES_ERROR;
				CLANG_WARN_SUSPICIOUS_MOVES = YES;
				CLANG_WARN_UNREACHABLE_CODE = YES;
				CLANG_WARN__DUPLICATE_METHOD_MATCH = YES;
				"CODE_SIGN_IDENTITY[sdk=iphoneos*]" = "iPhone Developer";
				COPY_PHASE_STRIP = NO;
				DEBUG_INFORMATION_FORMAT = "dwarf-with-dsym";
				ENABLE_NS_ASSERTIONS = NO;
				ENABLE_STRICT_OBJC_MSGSEND = YES;
				GCC_C_LANGUAGE_STANDARD = gnu99;
				GCC_NO_COMMON_BLOCKS = YES;
				GCC_WARN_64_TO_32_BIT_CONVERSION = YES;
				GCC_WARN_ABOUT_RETURN_TYPE = YES_ERROR;
				GCC_WARN_UNDECLARED_SELECTOR = YES;
				GCC_WARN_UNINITIALIZED_AUTOS = YES_AGGRESSIVE;
				GCC_WARN_UNUSED_FUNCTION = YES;
				GCC_WARN_UNUSED_VARIABLE = YES;
				IPHONEOS_DEPLOYMENT_TARGET = 10.0;
				MTL_ENABLE_DEBUG_INFO = NO;
				SDKROOT = iphoneos;
				SWIFT_OPTIMIZATION_LEVEL = "-Owholemodule";
				TARGETED_DEVICE_FAMILY = "1,2";
				VALIDATE_PRODUCT = YES;
			};
			name = Release;
		};
		7BEAB9151D59404400F85C26 /* Debug */ = {
			isa = XCBuildConfiguration;
			buildSettings = {
				ASSETCATALOG_COMPILER_APPICON_NAME = AppIcon;
				DEVELOPMENT_TEAM = TP9E7CXU62;
				INFOPLIST_FILE = "Tip Calculator/Info.plist";
				LD_RUNPATH_SEARCH_PATHS = "$(inherited) @executable_path/Frameworks";
				PRODUCT_BUNDLE_IDENTIFIER = "com.yato.Tip-Calculator";
				PRODUCT_NAME = "$(TARGET_NAME)";
				SWIFT_VERSION = 3.0;
			};
			name = Debug;
		};
		7BEAB9161D59404400F85C26 /* Release */ = {
			isa = XCBuildConfiguration;
			buildSettings = {
				ASSETCATALOG_COMPILER_APPICON_NAME = AppIcon;
				DEVELOPMENT_TEAM = TP9E7CXU62;
				INFOPLIST_FILE = "Tip Calculator/Info.plist";
				LD_RUNPATH_SEARCH_PATHS = "$(inherited) @executable_path/Frameworks";
				PRODUCT_BUNDLE_IDENTIFIER = "com.yato.Tip-Calculator";
				PRODUCT_NAME = "$(TARGET_NAME)";
				SWIFT_VERSION = 3.0;
			};
			name = Release;
		};
/* End XCBuildConfiguration section */

/* Begin XCConfigurationList section */
		7BEAB8FD1D59404400F85C26 /* Build configuration list for PBXProject "Tip Calculator" */ = {
			isa = XCConfigurationList;
			buildConfigurations = (
				7BEAB9121D59404400F85C26 /* Debug */,
				7BEAB9131D59404400F85C26 /* Release */,
			);
			defaultConfigurationIsVisible = 0;
			defaultConfigurationName = Release;
		};
		7BEAB9141D59404400F85C26 /* Build configuration list for PBXNativeTarget "Tip Calculator" */ = {
			isa = XCConfigurationList;
			buildConfigurations = (
				7BEAB9151D59404400F85C26 /* Debug */,
				7BEAB9161D59404400F85C26 /* Release */,
			);
			defaultConfigurationIsVisible = 0;
			defaultConfigurationName = Release;
		};
/* End XCConfigurationList section */
	};
	rootObject = 7BEAB8FA1D59404400F85C26 /* Project object */;
}
